
Microsoft Visual Studio Solution File, Format Version 12.00
# Visual Studio 2012
Project("{FAE04EC0-301F-11D3-BF4B-00C04F79EFBC}") = "ACME-Spaceship", "ACME-Spaceship\ACME-Spaceship.csproj", "{92D80025-AD10-42CD-96F3-D63069DDAEDC}"
EndProject
Global
	GlobalSection(SolutionConfigurationPlatforms) = preSolution
		Debug|Any CPU = Debug|Any CPU
		Release|Any CPU = Release|Any CPU
	EndGlobalSection
	GlobalSection(ProjectConfigurationPlatforms) = postSolution
		{92D80025-AD10-42CD-96F3-D63069DDAEDC}.Debug|Any CPU.ActiveCfg = Debug|Any CPU
		{92D80025-AD10-42CD-96F3-D63069DDAEDC}.Debug|Any CPU.Build.0 = Debug|Any CPU
		{92D80025-AD10-42CD-96F3-D63069DDAEDC}.Release|Any CPU.ActiveCfg = Release|Any CPU
		{92D80025-AD10-42CD-96F3-D63069DDAEDC}.Release|Any CPU.Build.0 = Release|Any CPU
	EndGlobalSection
	GlobalSection(SolutionProperties) = preSolution
		HideSolutionNode = FALSE
	EndGlobalSection
EndGlobal
